{
  "version": 4,
  "terraform_version": "1.9.1",
  "serial": 5,
  "lineage": "eb9fa65c-486d-3080-d0e7-ef82b0483673",
  "outputs": {},
  "resources": [
    {
      "mode": "managed",
      "type": "ionoscloud_datacenter",
      "name": "serlo_datacenter",
      "provider": "provider[\"registry.terraform.io/ionos-cloud/ionoscloud\"]",
      "instances": [
        {
          "schema_version": 0,
          "attributes": {
            "cpu_architecture": [
              {
                "cpu_family": "INTEL_SKYLAKE",
                "max_cores": 4,
                "max_ram": 20480,
                "vendor": "GenuineIntel"
              },
              {
                "cpu_family": "AMD_EPYC",
                "max_cores": 4,
                "max_ram": 20480,
                "vendor": "AuthenticAMD"
              },
              {
                "cpu_family": "INTEL_ICELAKE",
                "max_cores": 4,
                "max_ram": 20480,
                "vendor": "GenuineIntel"
              }
            ],
            "description": null,
            "features": [
              "acronis-api-v2",
              "allow-update-expose-serial",
              "amd-epyc",
              "backup-service-with-feign",
              "cloud-init",
              "cloud-init-private-image",
              "contract-identities",
              "core-vps",
              "cpu-hot-plug",
              "disk-vio-hot-plug",
              "disk-vio-hot-unplug",
              "flow-logs",
              "intel-icelake",
              "k8s",
              "mem-hot-plug",
              "monitoring",
              "nic-hot-plug",
              "nic-hot-unplug",
              "os-pool-optimised",
              "pcc",
              "pjd-include-vnics-section",
              "private-k8s-cluster",
              "pservers-dont-support-mix-of-os-types",
              "ssd",
              "ssd-storage-zoning",
              "use-backup-service",
              "use-current-logged-identity-for-s3",
              "use-platform-s3-for-flow-log",
              "use-s3-service",
              "v-cpu-instance",
              "vm-autoscaling",
              "vnf-alb",
              "vnf-lb",
              "vnf-nat"
            ],
            "id": "de0e7a4f-668d-40b3-a1f6-f804f9906189",
            "ipv6_cidr_block": "2a01:239:322:6900::/56",
            "location": "de/txl",
            "name": "serlo_datacenter",
            "sec_auth_protection": false,
            "timeouts": null,
            "version": 2
          },
          "sensitive_attributes": [],
          "private": "eyJlMmJmYjczMC1lY2FhLTExZTYtOGY4OC0zNDM2M2JjN2M0YzAiOnsiY3JlYXRlIjozNjAwMDAwMDAwMDAwLCJkZWZhdWx0IjozNjAwMDAwMDAwMDAwLCJkZWxldGUiOjM2MDAwMDAwMDAwMDAsInJlYWQiOjM2MDAwMDAwMDAwMDAsInVwZGF0ZSI6MzYwMDAwMDAwMDAwMH19"
        }
      ]
    },
    {
      "mode": "managed",
      "type": "ionoscloud_lan",
      "name": "serlo_lan",
      "provider": "provider[\"registry.terraform.io/ionos-cloud/ionoscloud\"]",
      "instances": [
        {
          "schema_version": 0,
          "attributes": {
            "datacenter_id": "de0e7a4f-668d-40b3-a1f6-f804f9906189",
            "id": "1",
            "ip_failover": null,
            "ipv6_cidr_block": null,
            "name": "serlo_lan",
            "pcc": null,
            "public": false,
            "timeouts": null
          },
          "sensitive_attributes": [],
          "private": "eyJlMmJmYjczMC1lY2FhLTExZTYtOGY4OC0zNDM2M2JjN2M0YzAiOnsiY3JlYXRlIjozNjAwMDAwMDAwMDAwLCJkZWZhdWx0IjozNjAwMDAwMDAwMDAwLCJkZWxldGUiOjM2MDAwMDAwMDAwMDAsInJlYWQiOjM2MDAwMDAwMDAwMDAsInVwZGF0ZSI6MzYwMDAwMDAwMDAwMH19",
          "dependencies": [
            "ionoscloud_datacenter.serlo_datacenter"
          ]
        }
      ]
    },
    {
      "mode": "managed",
      "type": "ionoscloud_mongo_cluster",
      "name": "serlo_mongo_cluster",
      "provider": "provider[\"registry.terraform.io/ionos-cloud/ionoscloud\"]",
      "instances": [
        {
          "status": "tainted",
          "schema_version": 0,
          "attributes": {
            "backup": [],
            "bi_connector": null,
            "connection_string": null,
            "connections": [
              {
                "cidr_list": [
                  "192.168.1.108/24"
                ],
                "datacenter_id": "de0e7a4f-668d-40b3-a1f6-f804f9906189",
                "lan_id": "1"
              }
            ],
            "cores": null,
            "display_name": "serlo_mongo_cluster",
            "edition": null,
            "id": "1313cd35-907d-4d43-a676-bc71621aacf5",
            "instances": 1,
            "location": "de/txl",
            "maintenance_window": [
              {
                "day_of_the_week": "Sunday",
                "time": "09:00:00"
              }
            ],
            "mongodb_version": "5.0",
            "ram": null,
            "shards": null,
            "storage_size": null,
            "storage_type": null,
            "template_id": "6b78ea06-ee0e-4689-998c-fc9c46e781f6",
            "timeouts": null,
            "type": null
          },
          "sensitive_attributes": [],
          "private": "eyJlMmJmYjczMC1lY2FhLTExZTYtOGY4OC0zNDM2M2JjN2M0YzAiOnsiY3JlYXRlIjozNjAwMDAwMDAwMDAwLCJkZWZhdWx0IjozNjAwMDAwMDAwMDAwLCJkZWxldGUiOjM2MDAwMDAwMDAwMDAsInJlYWQiOjM2MDAwMDAwMDAwMDAsInVwZGF0ZSI6MzYwMDAwMDAwMDAwMH19",
          "dependencies": [
            "ionoscloud_datacenter.serlo_datacenter",
            "ionoscloud_lan.serlo_lan"
          ]
        }
      ]
    },
    {
      "mode": "managed",
      "type": "random_password",
      "name": "cluster_password",
      "provider": "provider[\"registry.terraform.io/hashicorp/random\"]",
      "instances": [
        {
          "schema_version": 3,
          "attributes": {
            "bcrypt_hash": "$2a$10$dv62qmQCx.WDyl.7SUWzd.lk5OjiWnbJT7Yu1rNKYcFDQBTdugscm",
            "id": "none",
            "keepers": null,
            "length": 16,
            "lower": true,
            "min_lower": 0,
            "min_numeric": 0,
            "min_special": 0,
            "min_upper": 0,
            "number": true,
            "numeric": true,
            "override_special": "!#$%\u0026*()-_=+[]{}\u003c\u003e:?",
            "result": "g+K20?4zpPuFFzq+",
            "special": true,
            "upper": true
          },
          "sensitive_attributes": [
            [
              {
                "type": "get_attr",
                "value": "bcrypt_hash"
              }
            ],
            [
              {
                "type": "get_attr",
                "value": "result"
              }
            ]
          ]
        }
      ]
    }
  ],
  "check_results": null
}
